// !$*UTF8*$!
{
	archiveVersion = 1;
	classes = {
	};
	objectVersion = 77;
	objects = {

/* Begin PBXBuildFile section */
		342C70FB2DB64C8C00FBB71C /* TabBarController.swift in Sources */ = {isa = PBXBuildFile; fileRef = 342C70FA2DB64C8C00FBB71C /* TabBarController.swift */; };
		342C70FE2DB64D2100FBB71C /* UIView+Extension.swift in Sources */ = {isa = PBXBuildFile; fileRef = 342C70FD2DB64D2100FBB71C /* UIView+Extension.swift */; };
		342C71022DB64E2300FBB71C /* TrackerViewController.swift in Sources */ = {isa = PBXBuildFile; fileRef = 342C71012DB64E2300FBB71C /* TrackerViewController.swift */; };
		342C71042DB64E2B00FBB71C /* StatisticsViewController.swift in Sources */ = {isa = PBXBuildFile; fileRef = 342C71032DB64E2B00FBB71C /* StatisticsViewController.swift */; };
		342EB63C2DCA14D300526962 /* UIViewController+Extension.swift in Sources */ = {isa = PBXBuildFile; fileRef = 342EB63B2DCA14D300526962 /* UIViewController+Extension.swift */; };
		3432B03E2DBB73B400AAE9BC /* AddTrackerViewController.swift in Sources */ = {isa = PBXBuildFile; fileRef = 3432B03D2DBB73B400AAE9BC /* AddTrackerViewController.swift */; };
		3432B0412DBB796C00AAE9BC /* AddHabitViewController.swift in Sources */ = {isa = PBXBuildFile; fileRef = 3432B0402DBB796C00AAE9BC /* AddHabitViewController.swift */; };
		3432B0442DBB821500AAE9BC /* AddUnregularViewController.swift in Sources */ = {isa = PBXBuildFile; fileRef = 3432B0432DBB821500AAE9BC /* AddUnregularViewController.swift */; };
		3432B0472DBB846300AAE9BC /* CustomAddTrackerButtons.swift in Sources */ = {isa = PBXBuildFile; fileRef = 3432B0462DBB846300AAE9BC /* CustomAddTrackerButtons.swift */; };
		343318062DBE117B002D4F7F /* TrackerCollectionCell.swift in Sources */ = {isa = PBXBuildFile; fileRef = 343318052DBE117B002D4F7F /* TrackerCollectionCell.swift */; };
		345E38912DC38EDE006CE659 /* CreateNewCategoryViewController.swift in Sources */ = {isa = PBXBuildFile; fileRef = 345E38902DC38EDE006CE659 /* CreateNewCategoryViewController.swift */; };
		3477E6B52DBCF03400996948 /* Tracker.swift in Sources */ = {isa = PBXBuildFile; fileRef = 3477E6B42DBCF03400996948 /* Tracker.swift */; };
		3477E6B72DBCF27000996948 /* TrackerCategory.swift in Sources */ = {isa = PBXBuildFile; fileRef = 3477E6B62DBCF27000996948 /* TrackerCategory.swift */; };
		3477E6B92DBCF48000996948 /* TrackerRecord.swift in Sources */ = {isa = PBXBuildFile; fileRef = 3477E6B82DBCF48000996948 /* TrackerRecord.swift */; };
		349085442DD74E37009BAAA4 /* DataBase.xcdatamodeld in Sources */ = {isa = PBXBuildFile; fileRef = 349085422DD74E37009BAAA4 /* DataBase.xcdatamodeld */; };
		34946C1E2DD8AC6B00B3CEB8 /* Store.swift in Sources */ = {isa = PBXBuildFile; fileRef = 34946C1D2DD8AC6B00B3CEB8 /* Store.swift */; };
		3495A1DA2DC8AE3F00962D02 /* Array+Extension.swift in Sources */ = {isa = PBXBuildFile; fileRef = 3495A1D92DC8AE3F00962D02 /* Array+Extension.swift */; };
		349A73052DDDC3DC00C66D0B /* TrackerStore.swift in Sources */ = {isa = PBXBuildFile; fileRef = 349A73042DDDC3DB00C66D0B /* TrackerStore.swift */; };
		349A73072DDDC40D00C66D0B /* TrackerCategoryStore.swift in Sources */ = {isa = PBXBuildFile; fileRef = 349A73062DDDC40D00C66D0B /* TrackerCategoryStore.swift */; };
		349A73092DDDC44A00C66D0B /* TrackerRecordStore.swift in Sources */ = {isa = PBXBuildFile; fileRef = 349A73082DDDC44A00C66D0B /* TrackerRecordStore.swift */; };
		349A730B2DDDC4BF00C66D0B /* UIColor+Extension.swift in Sources */ = {isa = PBXBuildFile; fileRef = 349A730A2DDDC4BF00C66D0B /* UIColor+Extension.swift */; };
		349CBEA82DC3705F0043787B /* CategorySelectionViewController.swift in Sources */ = {isa = PBXBuildFile; fileRef = 349CBEA72DC3705F0043787B /* CategorySelectionViewController.swift */; };
		34A60ADC2DD379E400EBA65E /* ColorSelectionCell.swift in Sources */ = {isa = PBXBuildFile; fileRef = 34A60ADB2DD379E400EBA65E /* ColorSelectionCell.swift */; };
		34A9FF762DBF87BF00690069 /* UIButton+Extension.swift in Sources */ = {isa = PBXBuildFile; fileRef = 34A9FF752DBF87BF00690069 /* UIButton+Extension.swift */; };
		34A9FF782DBF89FF00690069 /* MockData.swift in Sources */ = {isa = PBXBuildFile; fileRef = 34A9FF772DBF89FF00690069 /* MockData.swift */; };
		34AE39122DCF8AC700506557 /* UIConstants.swift in Sources */ = {isa = PBXBuildFile; fileRef = 34AE39112DCF8AC700506557 /* UIConstants.swift */; };
		34AE39142DD08ADC00506557 /* StackView+Extension.swift in Sources */ = {isa = PBXBuildFile; fileRef = 34AE39132DD08ADC00506557 /* StackView+Extension.swift */; };
		34AE39182DD0964600506557 /* SelectionArrays.swift in Sources */ = {isa = PBXBuildFile; fileRef = 34AE39172DD0964600506557 /* SelectionArrays.swift */; };
		34AE39242DD0B19900506557 /* EmojiCollectionCell.swift in Sources */ = {isa = PBXBuildFile; fileRef = 34AE39232DD0B19900506557 /* EmojiCollectionCell.swift */; };
		34C0ECEF2DC789C500FD8A3D /* ScheduleSelectionViewController.swift in Sources */ = {isa = PBXBuildFile; fileRef = 34C0ECEE2DC789C500FD8A3D /* ScheduleSelectionViewController.swift */; };
		34C0ECF12DC7990200FD8A3D /* ScheduleSelectionCell.swift in Sources */ = {isa = PBXBuildFile; fileRef = 34C0ECF02DC7990200FD8A3D /* ScheduleSelectionCell.swift */; };
		34E3A0162DB60B05005E6FD6 /* Assets.xcassets in Resources */ = {isa = PBXBuildFile; fileRef = 34E3A00D2DB60B05005E6FD6 /* Assets.xcassets */; };
		34E3A0182DB60B05005E6FD6 /* LaunchScreen.storyboard in Resources */ = {isa = PBXBuildFile; fileRef = 34E3A0102DB60B05005E6FD6 /* LaunchScreen.storyboard */; };
		34E3A01A2DB60B05005E6FD6 /* AppDelegate.swift in Sources */ = {isa = PBXBuildFile; fileRef = 34E3A00C2DB60B05005E6FD6 /* AppDelegate.swift */; };
		34E3A01B2DB60B05005E6FD6 /* SceneDelegate.swift in Sources */ = {isa = PBXBuildFile; fileRef = 34E3A0132DB60B05005E6FD6 /* SceneDelegate.swift */; };
		34F338CE2DC5EEA0003E3F2B /* CategoryCollectionCell.swift in Sources */ = {isa = PBXBuildFile; fileRef = 34F338CD2DC5EEA0003E3F2B /* CategoryCollectionCell.swift */; };
		34F643112DC095AA005253EB /* SectionHeaderCollectionView.swift in Sources */ = {isa = PBXBuildFile; fileRef = 34F643102DC095AA005253EB /* SectionHeaderCollectionView.swift */; };
		34F643132DC09B8E005253EB /* Date+Extension.swift in Sources */ = {isa = PBXBuildFile; fileRef = 34F643122DC09B8E005253EB /* Date+Extension.swift */; };
		34F643152DC09DEC005253EB /* Int+Extension.swift in Sources */ = {isa = PBXBuildFile; fileRef = 34F643142DC09DEC005253EB /* Int+Extension.swift */; };
		34F95D5E2DC1DD7C00B3D2DC /* CustomTextField.swift in Sources */ = {isa = PBXBuildFile; fileRef = 34F95D5D2DC1DD7C00B3D2DC /* CustomTextField.swift */; };
		34F95D602DC1E5F800B3D2DC /* CustomCategoryAndScheduleSelection.swift in Sources */ = {isa = PBXBuildFile; fileRef = 34F95D5F2DC1E5F800B3D2DC /* CustomCategoryAndScheduleSelection.swift */; };
/* End PBXBuildFile section */

/* Begin PBXFileReference section */
		342C70FA2DB64C8C00FBB71C /* TabBarController.swift */ = {isa = PBXFileReference; lastKnownFileType = sourcecode.swift; path = TabBarController.swift; sourceTree = "<group>"; };
		342C70FD2DB64D2100FBB71C /* UIView+Extension.swift */ = {isa = PBXFileReference; lastKnownFileType = sourcecode.swift; path = "UIView+Extension.swift"; sourceTree = "<group>"; };
		342C71012DB64E2300FBB71C /* TrackerViewController.swift */ = {isa = PBXFileReference; lastKnownFileType = sourcecode.swift; path = TrackerViewController.swift; sourceTree = "<group>"; };
		342C71032DB64E2B00FBB71C /* StatisticsViewController.swift */ = {isa = PBXFileReference; lastKnownFileType = sourcecode.swift; path = StatisticsViewController.swift; sourceTree = "<group>"; };
		342EB63B2DCA14D300526962 /* UIViewController+Extension.swift */ = {isa = PBXFileReference; lastKnownFileType = sourcecode.swift; path = "UIViewController+Extension.swift"; sourceTree = "<group>"; };
		3432B03D2DBB73B400AAE9BC /* AddTrackerViewController.swift */ = {isa = PBXFileReference; lastKnownFileType = sourcecode.swift; path = AddTrackerViewController.swift; sourceTree = "<group>"; };
		3432B0402DBB796C00AAE9BC /* AddHabitViewController.swift */ = {isa = PBXFileReference; lastKnownFileType = sourcecode.swift; path = AddHabitViewController.swift; sourceTree = "<group>"; };
		3432B0432DBB821500AAE9BC /* AddUnregularViewController.swift */ = {isa = PBXFileReference; lastKnownFileType = sourcecode.swift; path = AddUnregularViewController.swift; sourceTree = "<group>"; };
		3432B0462DBB846300AAE9BC /* CustomAddTrackerButtons.swift */ = {isa = PBXFileReference; lastKnownFileType = sourcecode.swift; path = CustomAddTrackerButtons.swift; sourceTree = "<group>"; };
		343318052DBE117B002D4F7F /* TrackerCollectionCell.swift */ = {isa = PBXFileReference; lastKnownFileType = sourcecode.swift; path = TrackerCollectionCell.swift; sourceTree = "<group>"; };
		345E38902DC38EDE006CE659 /* CreateNewCategoryViewController.swift */ = {isa = PBXFileReference; lastKnownFileType = sourcecode.swift; path = CreateNewCategoryViewController.swift; sourceTree = "<group>"; };
		3477E6B42DBCF03400996948 /* Tracker.swift */ = {isa = PBXFileReference; lastKnownFileType = sourcecode.swift; path = Tracker.swift; sourceTree = "<group>"; };
		3477E6B62DBCF27000996948 /* TrackerCategory.swift */ = {isa = PBXFileReference; lastKnownFileType = sourcecode.swift; path = TrackerCategory.swift; sourceTree = "<group>"; };
		3477E6B82DBCF48000996948 /* TrackerRecord.swift */ = {isa = PBXFileReference; lastKnownFileType = sourcecode.swift; path = TrackerRecord.swift; sourceTree = "<group>"; };
		349085432DD74E37009BAAA4 /* DataBase.xcdatamodel */ = {isa = PBXFileReference; lastKnownFileType = wrapper.xcdatamodel; path = DataBase.xcdatamodel; sourceTree = "<group>"; };
		34946C1D2DD8AC6B00B3CEB8 /* Store.swift */ = {isa = PBXFileReference; lastKnownFileType = sourcecode.swift; path = Store.swift; sourceTree = "<group>"; };
		3495A1D92DC8AE3F00962D02 /* Array+Extension.swift */ = {isa = PBXFileReference; lastKnownFileType = sourcecode.swift; path = "Array+Extension.swift"; sourceTree = "<group>"; };
		349A73042DDDC3DB00C66D0B /* TrackerStore.swift */ = {isa = PBXFileReference; lastKnownFileType = sourcecode.swift; path = TrackerStore.swift; sourceTree = "<group>"; };
		349A73062DDDC40D00C66D0B /* TrackerCategoryStore.swift */ = {isa = PBXFileReference; lastKnownFileType = sourcecode.swift; path = TrackerCategoryStore.swift; sourceTree = "<group>"; };
		349A73082DDDC44A00C66D0B /* TrackerRecordStore.swift */ = {isa = PBXFileReference; lastKnownFileType = sourcecode.swift; path = TrackerRecordStore.swift; sourceTree = "<group>"; };
		349A730A2DDDC4BF00C66D0B /* UIColor+Extension.swift */ = {isa = PBXFileReference; lastKnownFileType = sourcecode.swift; path = "UIColor+Extension.swift"; sourceTree = "<group>"; };
		349CBEA72DC3705F0043787B /* CategorySelectionViewController.swift */ = {isa = PBXFileReference; lastKnownFileType = sourcecode.swift; path = CategorySelectionViewController.swift; sourceTree = "<group>"; };
		34A60ADB2DD379E400EBA65E /* ColorSelectionCell.swift */ = {isa = PBXFileReference; lastKnownFileType = sourcecode.swift; path = ColorSelectionCell.swift; sourceTree = "<group>"; };
		34A9FF752DBF87BF00690069 /* UIButton+Extension.swift */ = {isa = PBXFileReference; lastKnownFileType = sourcecode.swift; path = "UIButton+Extension.swift"; sourceTree = "<group>"; };
		34A9FF772DBF89FF00690069 /* MockData.swift */ = {isa = PBXFileReference; lastKnownFileType = sourcecode.swift; path = MockData.swift; sourceTree = "<group>"; };
		34AE39112DCF8AC700506557 /* UIConstants.swift */ = {isa = PBXFileReference; lastKnownFileType = sourcecode.swift; path = UIConstants.swift; sourceTree = "<group>"; };
		34AE39132DD08ADC00506557 /* StackView+Extension.swift */ = {isa = PBXFileReference; lastKnownFileType = sourcecode.swift; path = "StackView+Extension.swift"; sourceTree = "<group>"; };
		34AE39172DD0964600506557 /* SelectionArrays.swift */ = {isa = PBXFileReference; lastKnownFileType = sourcecode.swift; path = SelectionArrays.swift; sourceTree = "<group>"; };
		34AE39232DD0B19900506557 /* EmojiCollectionCell.swift */ = {isa = PBXFileReference; lastKnownFileType = sourcecode.swift; path = EmojiCollectionCell.swift; sourceTree = "<group>"; };
		34C0ECEE2DC789C500FD8A3D /* ScheduleSelectionViewController.swift */ = {isa = PBXFileReference; lastKnownFileType = sourcecode.swift; path = ScheduleSelectionViewController.swift; sourceTree = "<group>"; };
		34C0ECF02DC7990200FD8A3D /* ScheduleSelectionCell.swift */ = {isa = PBXFileReference; lastKnownFileType = sourcecode.swift; path = ScheduleSelectionCell.swift; sourceTree = "<group>"; };
		34E39FF42DB60B01005E6FD6 /* Tracker.app */ = {isa = PBXFileReference; explicitFileType = wrapper.application; includeInIndex = 0; path = Tracker.app; sourceTree = BUILT_PRODUCTS_DIR; };
		34E3A00C2DB60B05005E6FD6 /* AppDelegate.swift */ = {isa = PBXFileReference; lastKnownFileType = sourcecode.swift; path = AppDelegate.swift; sourceTree = "<group>"; };
		34E3A00D2DB60B05005E6FD6 /* Assets.xcassets */ = {isa = PBXFileReference; lastKnownFileType = folder.assetcatalog; path = Assets.xcassets; sourceTree = "<group>"; };
		34E3A00E2DB60B05005E6FD6 /* Info.plist */ = {isa = PBXFileReference; lastKnownFileType = text.plist.xml; path = Info.plist; sourceTree = "<group>"; };
		34E3A00F2DB60B05005E6FD6 /* Base */ = {isa = PBXFileReference; lastKnownFileType = file.storyboard; name = Base; path = Base.lproj/LaunchScreen.storyboard; sourceTree = "<group>"; };
		34E3A0132DB60B05005E6FD6 /* SceneDelegate.swift */ = {isa = PBXFileReference; lastKnownFileType = sourcecode.swift; path = SceneDelegate.swift; sourceTree = "<group>"; };
		34F338CD2DC5EEA0003E3F2B /* CategoryCollectionCell.swift */ = {isa = PBXFileReference; lastKnownFileType = sourcecode.swift; path = CategoryCollectionCell.swift; sourceTree = "<group>"; };
		34F643102DC095AA005253EB /* SectionHeaderCollectionView.swift */ = {isa = PBXFileReference; lastKnownFileType = sourcecode.swift; path = SectionHeaderCollectionView.swift; sourceTree = "<group>"; };
		34F643122DC09B8E005253EB /* Date+Extension.swift */ = {isa = PBXFileReference; lastKnownFileType = sourcecode.swift; path = "Date+Extension.swift"; sourceTree = "<group>"; };
		34F643142DC09DEC005253EB /* Int+Extension.swift */ = {isa = PBXFileReference; lastKnownFileType = sourcecode.swift; path = "Int+Extension.swift"; sourceTree = "<group>"; };
		34F95D5D2DC1DD7C00B3D2DC /* CustomTextField.swift */ = {isa = PBXFileReference; lastKnownFileType = sourcecode.swift; path = CustomTextField.swift; sourceTree = "<group>"; };
		34F95D5F2DC1E5F800B3D2DC /* CustomCategoryAndScheduleSelection.swift */ = {isa = PBXFileReference; lastKnownFileType = sourcecode.swift; path = CustomCategoryAndScheduleSelection.swift; sourceTree = "<group>"; };
/* End PBXFileReference section */

/* Begin PBXFrameworksBuildPhase section */
		34E39FF12DB60B01005E6FD6 /* Frameworks */ = {
			isa = PBXFrameworksBuildPhase;
			buildActionMask = 2147483647;
			files = (
			);
			runOnlyForDeploymentPostprocessing = 0;
		};
/* End PBXFrameworksBuildPhase section */

/* Begin PBXGroup section */
		342C70F92DB64C7700FBB71C /* TabBar */ = {
			isa = PBXGroup;
			children = (
				342C70FA2DB64C8C00FBB71C /* TabBarController.swift */,
			);
			path = TabBar;
			sourceTree = "<group>";
		};
		342C70FC2DB64D0700FBB71C /* Extensions */ = {
			isa = PBXGroup;
			children = (
				342C70FD2DB64D2100FBB71C /* UIView+Extension.swift */,
				34A9FF752DBF87BF00690069 /* UIButton+Extension.swift */,
				34F643122DC09B8E005253EB /* Date+Extension.swift */,
				34F643142DC09DEC005253EB /* Int+Extension.swift */,
				3495A1D92DC8AE3F00962D02 /* Array+Extension.swift */,
				342EB63B2DCA14D300526962 /* UIViewController+Extension.swift */,
				34AE39132DD08ADC00506557 /* StackView+Extension.swift */,
				349A730A2DDDC4BF00C66D0B /* UIColor+Extension.swift */,
			);
			path = Extensions;
			sourceTree = "<group>";
		};
		342C70FF2DB64E0300FBB71C /* Tracker View */ = {
			isa = PBXGroup;
			children = (
				342C71012DB64E2300FBB71C /* TrackerViewController.swift */,
				343318052DBE117B002D4F7F /* TrackerCollectionCell.swift */,
				34F643102DC095AA005253EB /* SectionHeaderCollectionView.swift */,
			);
			path = "Tracker View";
			sourceTree = "<group>";
		};
		342C71002DB64E0F00FBB71C /* Statistics View */ = {
			isa = PBXGroup;
			children = (
				342C71032DB64E2B00FBB71C /* StatisticsViewController.swift */,
			);
			path = "Statistics View";
			sourceTree = "<group>";
		};
		3432B03C2DBB72DF00AAE9BC /* Add Tracker */ = {
			isa = PBXGroup;
			children = (
				3432B03D2DBB73B400AAE9BC /* AddTrackerViewController.swift */,
				3432B03F2DBB795C00AAE9BC /* Add Habit */,
				3432B0422DBB81F200AAE9BC /* Add Unregular */,
				345E388F2DC38EBE006CE659 /* CategorySelection */,
				34C0ECED2DC789B000FD8A3D /* ScheduleSelection */,
				34AE39192DD098CE00506557 /* EmojiSelection */,
				34AE391A2DD098E100506557 /* ColorSelection */,
			);
			path = "Add Tracker";
			sourceTree = "<group>";
		};
		3432B03F2DBB795C00AAE9BC /* Add Habit */ = {
			isa = PBXGroup;
			children = (
				3432B0402DBB796C00AAE9BC /* AddHabitViewController.swift */,
			);
			path = "Add Habit";
			sourceTree = "<group>";
		};
		3432B0422DBB81F200AAE9BC /* Add Unregular */ = {
			isa = PBXGroup;
			children = (
				3432B0432DBB821500AAE9BC /* AddUnregularViewController.swift */,
			);
			path = "Add Unregular";
			sourceTree = "<group>";
		};
		3432B0452DBB843A00AAE9BC /* Components */ = {
			isa = PBXGroup;
			children = (
				3432B0462DBB846300AAE9BC /* CustomAddTrackerButtons.swift */,
				34F95D5D2DC1DD7C00B3D2DC /* CustomTextField.swift */,
				34F95D5F2DC1E5F800B3D2DC /* CustomCategoryAndScheduleSelection.swift */,
			);
			path = Components;
			sourceTree = "<group>";
		};
		345E388F2DC38EBE006CE659 /* CategorySelection */ = {
			isa = PBXGroup;
			children = (
				349CBEA72DC3705F0043787B /* CategorySelectionViewController.swift */,
				345E38902DC38EDE006CE659 /* CreateNewCategoryViewController.swift */,
				34F338CD2DC5EEA0003E3F2B /* CategoryCollectionCell.swift */,
			);
			path = CategorySelection;
			sourceTree = "<group>";
		};
		3477E6B32DBCEFDD00996948 /* Models */ = {
			isa = PBXGroup;
			children = (
				3477E6B42DBCF03400996948 /* Tracker.swift */,
				3477E6B62DBCF27000996948 /* TrackerCategory.swift */,
				3477E6B82DBCF48000996948 /* TrackerRecord.swift */,
				34A9FF772DBF89FF00690069 /* MockData.swift */,
			);
			path = Models;
			sourceTree = "<group>";
		};
		34946C1C2DD8AC5400B3CEB8 /* CoreData Module */ = {
			isa = PBXGroup;
			children = (
				34946C1D2DD8AC6B00B3CEB8 /* Store.swift */,
				349A73042DDDC3DB00C66D0B /* TrackerStore.swift */,
				349A73062DDDC40D00C66D0B /* TrackerCategoryStore.swift */,
				349A73082DDDC44A00C66D0B /* TrackerRecordStore.swift */,
				349085422DD74E37009BAAA4 /* DataBase.xcdatamodeld */,
			);
			path = "CoreData Module";
			sourceTree = "<group>";
		};
		34AE39102DCF8AB400506557 /* Constants */ = {
			isa = PBXGroup;
			children = (
				34AE39112DCF8AC700506557 /* UIConstants.swift */,
				34AE39172DD0964600506557 /* SelectionArrays.swift */,
			);
			path = Constants;
			sourceTree = "<group>";
		};
		34AE39192DD098CE00506557 /* EmojiSelection */ = {
			isa = PBXGroup;
			children = (
				34AE39232DD0B19900506557 /* EmojiCollectionCell.swift */,
			);
			path = EmojiSelection;
			sourceTree = "<group>";
		};
		34AE391A2DD098E100506557 /* ColorSelection */ = {
			isa = PBXGroup;
			children = (
				34A60ADB2DD379E400EBA65E /* ColorSelectionCell.swift */,
			);
			path = ColorSelection;
			sourceTree = "<group>";
		};
		34C0ECED2DC789B000FD8A3D /* ScheduleSelection */ = {
			isa = PBXGroup;
			children = (
				34C0ECEE2DC789C500FD8A3D /* ScheduleSelectionViewController.swift */,
				34C0ECF02DC7990200FD8A3D /* ScheduleSelectionCell.swift */,
			);
			path = ScheduleSelection;
			sourceTree = "<group>";
		};
		34E39FEB2DB60B01005E6FD6 = {
			isa = PBXGroup;
			children = (
				34E3A0152DB60B05005E6FD6 /* Tracker */,
				34E39FF52DB60B01005E6FD6 /* Products */,
			);
			sourceTree = "<group>";
		};
		34E39FF52DB60B01005E6FD6 /* Products */ = {
			isa = PBXGroup;
			children = (
				34E39FF42DB60B01005E6FD6 /* Tracker.app */,
			);
			name = Products;
			sourceTree = "<group>";
		};
		34E3A0152DB60B05005E6FD6 /* Tracker */ = {
			isa = PBXGroup;
			children = (
				342C70F92DB64C7700FBB71C /* TabBar */,
				342C70FF2DB64E0300FBB71C /* Tracker View */,
				342C71002DB64E0F00FBB71C /* Statistics View */,
				3432B03C2DBB72DF00AAE9BC /* Add Tracker */,
				3477E6B32DBCEFDD00996948 /* Models */,
				3432B0452DBB843A00AAE9BC /* Components */,
				34AE39102DCF8AB400506557 /* Constants */,
				342C70FC2DB64D0700FBB71C /* Extensions */,
				34946C1C2DD8AC5400B3CEB8 /* CoreData Module */,
				34E3A00C2DB60B05005E6FD6 /* AppDelegate.swift */,
				34E3A0132DB60B05005E6FD6 /* SceneDelegate.swift */,
				34E3A00D2DB60B05005E6FD6 /* Assets.xcassets */,
				34E3A00E2DB60B05005E6FD6 /* Info.plist */,
				34E3A0102DB60B05005E6FD6 /* LaunchScreen.storyboard */,
			);
			path = Tracker;
			sourceTree = "<group>";
		};
/* End PBXGroup section */

/* Begin PBXNativeTarget section */
		34E39FF32DB60B01005E6FD6 /* Tracker */ = {
			isa = PBXNativeTarget;
			buildConfigurationList = 34E3A0072DB60B01005E6FD6 /* Build configuration list for PBXNativeTarget "Tracker" */;
			buildPhases = (
				34E39FF02DB60B01005E6FD6 /* Sources */,
				34E39FF12DB60B01005E6FD6 /* Frameworks */,
				34E39FF22DB60B01005E6FD6 /* Resources */,
			);
			buildRules = (
			);
			dependencies = (
			);
			name = Tracker;
			packageProductDependencies = (
			);
			productName = Tracker;
			productReference = 34E39FF42DB60B01005E6FD6 /* Tracker.app */;
			productType = "com.apple.product-type.application";
		};
/* End PBXNativeTarget section */

/* Begin PBXProject section */
		34E39FEC2DB60B01005E6FD6 /* Project object */ = {
			isa = PBXProject;
			attributes = {
				BuildIndependentTargetsInParallel = 1;
				LastSwiftUpdateCheck = 1620;
				LastUpgradeCheck = 1620;
				TargetAttributes = {
					34E39FF32DB60B01005E6FD6 = {
						CreatedOnToolsVersion = 16.2;
					};
				};
			};
			buildConfigurationList = 34E39FEF2DB60B01005E6FD6 /* Build configuration list for PBXProject "Tracker" */;
			developmentRegion = en;
			hasScannedForEncodings = 0;
			knownRegions = (
				en,
				Base,
			);
			mainGroup = 34E39FEB2DB60B01005E6FD6;
			minimizedProjectReferenceProxies = 1;
			preferredProjectObjectVersion = 77;
			productRefGroup = 34E39FF52DB60B01005E6FD6 /* Products */;
			projectDirPath = "";
			projectRoot = "";
			targets = (
				34E39FF32DB60B01005E6FD6 /* Tracker */,
			);
		};
/* End PBXProject section */

/* Begin PBXResourcesBuildPhase section */
		34E39FF22DB60B01005E6FD6 /* Resources */ = {
			isa = PBXResourcesBuildPhase;
			buildActionMask = 2147483647;
			files = (
				34E3A0162DB60B05005E6FD6 /* Assets.xcassets in Resources */,
				34E3A0182DB60B05005E6FD6 /* LaunchScreen.storyboard in Resources */,
			);
			runOnlyForDeploymentPostprocessing = 0;
		};
/* End PBXResourcesBuildPhase section */

/* Begin PBXSourcesBuildPhase section */
		34E39FF02DB60B01005E6FD6 /* Sources */ = {
			isa = PBXSourcesBuildPhase;
			buildActionMask = 2147483647;
			files = (
				34946C1E2DD8AC6B00B3CEB8 /* Store.swift in Sources */,
				349A73092DDDC44A00C66D0B /* TrackerRecordStore.swift in Sources */,
				349A73072DDDC40D00C66D0B /* TrackerCategoryStore.swift in Sources */,
				34AE39122DCF8AC700506557 /* UIConstants.swift in Sources */,
				349A73052DDDC3DC00C66D0B /* TrackerStore.swift in Sources */,
				34F95D5E2DC1DD7C00B3D2DC /* CustomTextField.swift in Sources */,
				349CBEA82DC3705F0043787B /* CategorySelectionViewController.swift in Sources */,
				34F643152DC09DEC005253EB /* Int+Extension.swift in Sources */,
				345E38912DC38EDE006CE659 /* CreateNewCategoryViewController.swift in Sources */,
				342EB63C2DCA14D300526962 /* UIViewController+Extension.swift in Sources */,
				3477E6B92DBCF48000996948 /* TrackerRecord.swift in Sources */,
				342C70FB2DB64C8C00FBB71C /* TabBarController.swift in Sources */,
				34E3A01A2DB60B05005E6FD6 /* AppDelegate.swift in Sources */,
				34E3A01B2DB60B05005E6FD6 /* SceneDelegate.swift in Sources */,
				343318062DBE117B002D4F7F /* TrackerCollectionCell.swift in Sources */,
				34A60ADC2DD379E400EBA65E /* ColorSelectionCell.swift in Sources */,
				34F338CE2DC5EEA0003E3F2B /* CategoryCollectionCell.swift in Sources */,
				3432B0472DBB846300AAE9BC /* CustomAddTrackerButtons.swift in Sources */,
				34C0ECF12DC7990200FD8A3D /* ScheduleSelectionCell.swift in Sources */,
				342C71022DB64E2300FBB71C /* TrackerViewController.swift in Sources */,
				342C70FE2DB64D2100FBB71C /* UIView+Extension.swift in Sources */,
				34F95D602DC1E5F800B3D2DC /* CustomCategoryAndScheduleSelection.swift in Sources */,
				34A9FF762DBF87BF00690069 /* UIButton+Extension.swift in Sources */,
				3477E6B72DBCF27000996948 /* TrackerCategory.swift in Sources */,
				3495A1DA2DC8AE3F00962D02 /* Array+Extension.swift in Sources */,
				34AE39242DD0B19900506557 /* EmojiCollectionCell.swift in Sources */,
				3477E6B52DBCF03400996948 /* Tracker.swift in Sources */,
				3432B0442DBB821500AAE9BC /* AddUnregularViewController.swift in Sources */,
				342C71042DB64E2B00FBB71C /* StatisticsViewController.swift in Sources */,
				34A9FF782DBF89FF00690069 /* MockData.swift in Sources */,
				34F643112DC095AA005253EB /* SectionHeaderCollectionView.swift in Sources */,
				3432B03E2DBB73B400AAE9BC /* AddTrackerViewController.swift in Sources */,
				3432B0412DBB796C00AAE9BC /* AddHabitViewController.swift in Sources */,
				34C0ECEF2DC789C500FD8A3D /* ScheduleSelectionViewController.swift in Sources */,
				349085442DD74E37009BAAA4 /* DataBase.xcdatamodeld in Sources */,
				34AE39182DD0964600506557 /* SelectionArrays.swift in Sources */,
				349A730B2DDDC4BF00C66D0B /* UIColor+Extension.swift in Sources */,
				34F643132DC09B8E005253EB /* Date+Extension.swift in Sources */,
				34AE39142DD08ADC00506557 /* StackView+Extension.swift in Sources */,
			);
			runOnlyForDeploymentPostprocessing = 0;
		};
/* End PBXSourcesBuildPhase section */

/* Begin PBXVariantGroup section */
		34E3A0102DB60B05005E6FD6 /* LaunchScreen.storyboard */ = {
			isa = PBXVariantGroup;
			children = (
				34E3A00F2DB60B05005E6FD6 /* Base */,
			);
			name = LaunchScreen.storyboard;
			sourceTree = "<group>";
		};
/* End PBXVariantGroup section */

/* Begin XCBuildConfiguration section */
		34E3A0082DB60B01005E6FD6 /* Debug */ = {
			isa = XCBuildConfiguration;
			buildSettings = {
				ASSETCATALOG_COMPILER_APPICON_NAME = AppIcon;
				ASSETCATALOG_COMPILER_GLOBAL_ACCENT_COLOR_NAME = AccentColor;
				CODE_SIGN_STYLE = Automatic;
				CURRENT_PROJECT_VERSION = 1;
				DEVELOPMENT_TEAM = X4PWX9697V;
				GENERATE_INFOPLIST_FILE = YES;
				INFOPLIST_FILE = Tracker/Info.plist;
				INFOPLIST_KEY_UIApplicationSupportsIndirectInputEvents = YES;
				INFOPLIST_KEY_UILaunchStoryboardName = LaunchScreen;
				INFOPLIST_KEY_UISupportedInterfaceOrientations = UIInterfaceOrientationPortrait;
				IPHONEOS_DEPLOYMENT_TARGET = 15;
				LD_RUNPATH_SEARCH_PATHS = (
					"$(inherited)",
					"@executable_path/Frameworks",
				);
				MARKETING_VERSION = 1.0;
				PRODUCT_BUNDLE_IDENTIFIER = "com.matthew-develop.Tracker";
				PRODUCT_NAME = "$(TARGET_NAME)";
				SUPPORTED_PLATFORMS = "iphoneos iphonesimulator";
				SUPPORTS_MACCATALYST = NO;
				SUPPORTS_MAC_DESIGNED_FOR_IPHONE_IPAD = NO;
				SUPPORTS_XR_DESIGNED_FOR_IPHONE_IPAD = NO;
				SWIFT_EMIT_LOC_STRINGS = YES;
				SWIFT_VERSION = 5.0;
				TARGETED_DEVICE_FAMILY = 1;
			};
			name = Debug;
		};
		34E3A0092DB60B01005E6FD6 /* Release */ = {
			isa = XCBuildConfiguration;
			buildSettings = {
				ASSETCATALOG_COMPILER_APPICON_NAME = AppIcon;
				ASSETCATALOG_COMPILER_GLOBAL_ACCENT_COLOR_NAME = AccentColor;
				CODE_SIGN_STYLE = Automatic;
				CURRENT_PROJECT_VERSION = 1;
				DEVELOPMENT_TEAM = X4PWX9697V;
				GENERATE_INFOPLIST_FILE = YES;
				INFOPLIST_FILE = Tracker/Info.plist;
				INFOPLIST_KEY_UIApplicationSupportsIndirectInputEvents = YES;
				INFOPLIST_KEY_UILaunchStoryboardName = LaunchScreen;
				INFOPLIST_KEY_UISupportedInterfaceOrientations = UIInterfaceOrientationPortrait;
				IPHONEOS_DEPLOYMENT_TARGET = 15;
				LD_RUNPATH_SEARCH_PATHS = (
					"$(inherited)",
					"@executable_path/Frameworks",
				);
				MARKETING_VERSION = 1.0;
				PRODUCT_BUNDLE_IDENTIFIER = "com.matthew-develop.Tracker";
				PRODUCT_NAME = "$(TARGET_NAME)";
				SUPPORTED_PLATFORMS = "iphoneos iphonesimulator";
				SUPPORTS_MACCATALYST = NO;
				SUPPORTS_MAC_DESIGNED_FOR_IPHONE_IPAD = NO;
				SUPPORTS_XR_DESIGNED_FOR_IPHONE_IPAD = NO;
				SWIFT_EMIT_LOC_STRINGS = YES;
				SWIFT_VERSION = 5.0;
				TARGETED_DEVICE_FAMILY = 1;
			};
			name = Release;
		};
		34E3A00A2DB60B01005E6FD6 /* Debug */ = {
			isa = XCBuildConfiguration;
			buildSettings = {
				ALWAYS_SEARCH_USER_PATHS = NO;
				ASSETCATALOG_COMPILER_GENERATE_SWIFT_ASSET_SYMBOL_EXTENSIONS = YES;
				CLANG_ANALYZER_NONNULL = YES;
				CLANG_ANALYZER_NUMBER_OBJECT_CONVERSION = YES_AGGRESSIVE;
				CLANG_CXX_LANGUAGE_STANDARD = "gnu++20";
				CLANG_ENABLE_MODULES = YES;
				CLANG_ENABLE_OBJC_ARC = YES;
				CLANG_ENABLE_OBJC_WEAK = YES;
				CLANG_WARN_BLOCK_CAPTURE_AUTORELEASING = YES;
				CLANG_WARN_BOOL_CONVERSION = YES;
				CLANG_WARN_COMMA = YES;
				CLANG_WARN_CONSTANT_CONVERSION = YES;
				CLANG_WARN_DEPRECATED_OBJC_IMPLEMENTATIONS = YES;
				CLANG_WARN_DIRECT_OBJC_ISA_USAGE = YES_ERROR;
				CLANG_WARN_DOCUMENTATION_COMMENTS = YES;
				CLANG_WARN_EMPTY_BODY = YES;
				CLANG_WARN_ENUM_CONVERSION = YES;
				CLANG_WARN_INFINITE_RECURSION = YES;
				CLANG_WARN_INT_CONVERSION = YES;
				CLANG_WARN_NON_LITERAL_NULL_CONVERSION = YES;
				CLANG_WARN_OBJC_IMPLICIT_RETAIN_SELF = YES;
				CLANG_WARN_OBJC_LITERAL_CONVERSION = YES;
				CLANG_WARN_OBJC_ROOT_CLASS = YES_ERROR;
				CLANG_WARN_QUOTED_INCLUDE_IN_FRAMEWORK_HEADER = YES;
				CLANG_WARN_RANGE_LOOP_ANALYSIS = YES;
				CLANG_WARN_STRICT_PROTOTYPES = YES;
				CLANG_WARN_SUSPICIOUS_MOVE = YES;
				CLANG_WARN_UNGUARDED_AVAILABILITY = YES_AGGRESSIVE;
				CLANG_WARN_UNREACHABLE_CODE = YES;
				CLANG_WARN__DUPLICATE_METHOD_MATCH = YES;
				COPY_PHASE_STRIP = NO;
				DEBUG_INFORMATION_FORMAT = dwarf;
				ENABLE_STRICT_OBJC_MSGSEND = YES;
				ENABLE_TESTABILITY = YES;
				ENABLE_USER_SCRIPT_SANDBOXING = YES;
				GCC_C_LANGUAGE_STANDARD = gnu17;
				GCC_DYNAMIC_NO_PIC = NO;
				GCC_NO_COMMON_BLOCKS = YES;
				GCC_OPTIMIZATION_LEVEL = 0;
				GCC_PREPROCESSOR_DEFINITIONS = (
					"DEBUG=1",
					"$(inherited)",
				);
				GCC_WARN_64_TO_32_BIT_CONVERSION = YES;
				GCC_WARN_ABOUT_RETURN_TYPE = YES_ERROR;
				GCC_WARN_UNDECLARED_SELECTOR = YES;
				GCC_WARN_UNINITIALIZED_AUTOS = YES_AGGRESSIVE;
				GCC_WARN_UNUSED_FUNCTION = YES;
				GCC_WARN_UNUSED_VARIABLE = YES;
				IPHONEOS_DEPLOYMENT_TARGET = 18.2;
				LOCALIZATION_PREFERS_STRING_CATALOGS = YES;
				MTL_ENABLE_DEBUG_INFO = INCLUDE_SOURCE;
				MTL_FAST_MATH = YES;
				ONLY_ACTIVE_ARCH = YES;
				SDKROOT = iphoneos;
				SWIFT_ACTIVE_COMPILATION_CONDITIONS = "DEBUG $(inherited)";
				SWIFT_OPTIMIZATION_LEVEL = "-Onone";
			};
			name = Debug;
		};
		34E3A00B2DB60B01005E6FD6 /* Release */ = {
			isa = XCBuildConfiguration;
			buildSettings = {
				ALWAYS_SEARCH_USER_PATHS = NO;
				ASSETCATALOG_COMPILER_GENERATE_SWIFT_ASSET_SYMBOL_EXTENSIONS = YES;
				CLANG_ANALYZER_NONNULL = YES;
				CLANG_ANALYZER_NUMBER_OBJECT_CONVERSION = YES_AGGRESSIVE;
				CLANG_CXX_LANGUAGE_STANDARD = "gnu++20";
				CLANG_ENABLE_MODULES = YES;
				CLANG_ENABLE_OBJC_ARC = YES;
				CLANG_ENABLE_OBJC_WEAK = YES;
				CLANG_WARN_BLOCK_CAPTURE_AUTORELEASING = YES;
				CLANG_WARN_BOOL_CONVERSION = YES;
				CLANG_WARN_COMMA = YES;
				CLANG_WARN_CONSTANT_CONVERSION = YES;
				CLANG_WARN_DEPRECATED_OBJC_IMPLEMENTATIONS = YES;
				CLANG_WARN_DIRECT_OBJC_ISA_USAGE = YES_ERROR;
				CLANG_WARN_DOCUMENTATION_COMMENTS = YES;
				CLANG_WARN_EMPTY_BODY = YES;
				CLANG_WARN_ENUM_CONVERSION = YES;
				CLANG_WARN_INFINITE_RECURSION = YES;
				CLANG_WARN_INT_CONVERSION = YES;
				CLANG_WARN_NON_LITERAL_NULL_CONVERSION = YES;
				CLANG_WARN_OBJC_IMPLICIT_RETAIN_SELF = YES;
				CLANG_WARN_OBJC_LITERAL_CONVERSION = YES;
				CLANG_WARN_OBJC_ROOT_CLASS = YES_ERROR;
				CLANG_WARN_QUOTED_INCLUDE_IN_FRAMEWORK_HEADER = YES;
				CLANG_WARN_RANGE_LOOP_ANALYSIS = YES;
				CLANG_WARN_STRICT_PROTOTYPES = YES;
				CLANG_WARN_SUSPICIOUS_MOVE = YES;
				CLANG_WARN_UNGUARDED_AVAILABILITY = YES_AGGRESSIVE;
				CLANG_WARN_UNREACHABLE_CODE = YES;
				CLANG_WARN__DUPLICATE_METHOD_MATCH = YES;
				COPY_PHASE_STRIP = NO;
				DEBUG_INFORMATION_FORMAT = "dwarf-with-dsym";
				ENABLE_NS_ASSERTIONS = NO;
				ENABLE_STRICT_OBJC_MSGSEND = YES;
				ENABLE_USER_SCRIPT_SANDBOXING = YES;
				GCC_C_LANGUAGE_STANDARD = gnu17;
				GCC_NO_COMMON_BLOCKS = YES;
				GCC_WARN_64_TO_32_BIT_CONVERSION = YES;
				GCC_WARN_ABOUT_RETURN_TYPE = YES_ERROR;
				GCC_WARN_UNDECLARED_SELECTOR = YES;
				GCC_WARN_UNINITIALIZED_AUTOS = YES_AGGRESSIVE;
				GCC_WARN_UNUSED_FUNCTION = YES;
				GCC_WARN_UNUSED_VARIABLE = YES;
				IPHONEOS_DEPLOYMENT_TARGET = 18.2;
				LOCALIZATION_PREFERS_STRING_CATALOGS = YES;
				MTL_ENABLE_DEBUG_INFO = NO;
				MTL_FAST_MATH = YES;
				SDKROOT = iphoneos;
				SWIFT_COMPILATION_MODE = wholemodule;
				VALIDATE_PRODUCT = YES;
			};
			name = Release;
		};
/* End XCBuildConfiguration section */

/* Begin XCConfigurationList section */
		34E39FEF2DB60B01005E6FD6 /* Build configuration list for PBXProject "Tracker" */ = {
			isa = XCConfigurationList;
			buildConfigurations = (
				34E3A00A2DB60B01005E6FD6 /* Debug */,
				34E3A00B2DB60B01005E6FD6 /* Release */,
			);
			defaultConfigurationIsVisible = 0;
			defaultConfigurationName = Release;
		};
		34E3A0072DB60B01005E6FD6 /* Build configuration list for PBXNativeTarget "Tracker" */ = {
			isa = XCConfigurationList;
			buildConfigurations = (
				34E3A0082DB60B01005E6FD6 /* Debug */,
				34E3A0092DB60B01005E6FD6 /* Release */,
			);
			defaultConfigurationIsVisible = 0;
			defaultConfigurationName = Release;
		};
/* End XCConfigurationList section */

/* Begin XCVersionGroup section */
		349085422DD74E37009BAAA4 /* DataBase.xcdatamodeld */ = {
			isa = XCVersionGroup;
			children = (
				349085432DD74E37009BAAA4 /* DataBase.xcdatamodel */,
			);
			currentVersion = 349085432DD74E37009BAAA4 /* DataBase.xcdatamodel */;
			path = DataBase.xcdatamodeld;
			sourceTree = "<group>";
			versionGroupType = wrapper.xcdatamodel;
		};
/* End XCVersionGroup section */
	};
	rootObject = 34E39FEC2DB60B01005E6FD6 /* Project object */;
}
